
Microsoft Visual Studio Solution File, Format Version 12.00
# Visual Studio Version 16
VisualStudioVersion = 16.0.31410.357
MinimumVisualStudioVersion = 10.0.40219.1
Project("{FAE04EC0-301F-11D3-BF4B-00C04F79EFBC}") = "PayRollWithDatabase", "PayRollWithDatabase.csproj", "{7EB70A8A-40C9-481A-81C7-9F8884CC7E8D}"
EndProject
Global
	GlobalSection(SolutionConfigurationPlatforms) = preSolution
		Debug|Any CPU = Debug|Any CPU
		Release|Any CPU = Release|Any CPU
	EndGlobalSection
	GlobalSection(ProjectConfigurationPlatforms) = postSolution
		{7EB70A8A-40C9-481A-81C7-9F8884CC7E8D}.Debug|Any CPU.ActiveCfg = Debug|Any CPU
		{7EB70A8A-40C9-481A-81C7-9F8884CC7E8D}.Debug|Any CPU.Build.0 = Debug|Any CPU
		{7EB70A8A-40C9-481A-81C7-9F8884CC7E8D}.Release|Any CPU.ActiveCfg = Release|Any CPU
		{7EB70A8A-40C9-481A-81C7-9F8884CC7E8D}.Release|Any CPU.Build.0 = Release|Any CPU
	EndGlobalSection
	GlobalSection(SolutionProperties) = preSolution
		HideSolutionNode = FALSE
	EndGlobalSection
	GlobalSection(ExtensibilityGlobals) = postSolution
		SolutionGuid = {5FDE24D4-0984-44A6-8216-B55CAB84BBB0}
	EndGlobalSection
EndGlobal
